// !$*UTF8*$!
{
	archiveVersion = 1;
	classes = {
	};
	objectVersion = 50;
	objects = {

/* Begin PBXBuildFile section */
		65653C6A25D17E470077A396 /* PABottomSheet.swift in Sources */ = {isa = PBXBuildFile; fileRef = 65653C6925D17E470077A396 /* PABottomSheet.swift */; };
		65653C6F25D197F10077A396 /* MoreTableViewSections.swift in Sources */ = {isa = PBXBuildFile; fileRef = 65653C6E25D197F10077A396 /* MoreTableViewSections.swift */; };
		68AF58F124E7D48400C03645 /* AppDelegate.swift in Sources */ = {isa = PBXBuildFile; fileRef = 68AF58F024E7D48400C03645 /* AppDelegate.swift */; };
		68AF58F324E7D48400C03645 /* SceneDelegate.swift in Sources */ = {isa = PBXBuildFile; fileRef = 68AF58F224E7D48400C03645 /* SceneDelegate.swift */; };
		68AF58FA24E7D48600C03645 /* Assets.xcassets in Resources */ = {isa = PBXBuildFile; fileRef = 68AF58F924E7D48600C03645 /* Assets.xcassets */; };
		68AF58FD24E7D48600C03645 /* LaunchScreen.storyboard in Resources */ = {isa = PBXBuildFile; fileRef = 68AF58FB24E7D48600C03645 /* LaunchScreen.storyboard */; };
		68AF590524E7D53100C03645 /* PATabBarController.swift in Sources */ = {isa = PBXBuildFile; fileRef = 68AF590424E7D53100C03645 /* PATabBarController.swift */; };
		68AF590724E7D5AA00C03645 /* MapVC.swift in Sources */ = {isa = PBXBuildFile; fileRef = 68AF590624E7D5AA00C03645 /* MapVC.swift */; };
		68AF590924E7D5B600C03645 /* MoreVC.swift in Sources */ = {isa = PBXBuildFile; fileRef = 68AF590824E7D5B600C03645 /* MoreVC.swift */; };
		68C9A5BD24F002E400DE3A9D /* PASecondaryLabel.swift in Sources */ = {isa = PBXBuildFile; fileRef = 68C9A5BC24F002E400DE3A9D /* PASecondaryLabel.swift */; };
		68C9A5C424F004E200DE3A9D /* PAButton.swift in Sources */ = {isa = PBXBuildFile; fileRef = 68C9A5C324F004E200DE3A9D /* PAButton.swift */; };
		68CE637E24F3DEE300F62C80 /* ArrayExtension.swift in Sources */ = {isa = PBXBuildFile; fileRef = 68CE637D24F3DEE300F62C80 /* ArrayExtension.swift */; };
		68CE638024F4F20000F62C80 /* InfoSectionCellContent.swift in Sources */ = {isa = PBXBuildFile; fileRef = 68CE637F24F4F20000F62C80 /* InfoSectionCellContent.swift */; };
		68CE638A24F7B75900F62C80 /* StringExtension.swift in Sources */ = {isa = PBXBuildFile; fileRef = 68CE638924F7B75900F62C80 /* StringExtension.swift */; };
		68DC85E724E7DD25008BA62F /* MapViewExtension.swift in Sources */ = {isa = PBXBuildFile; fileRef = 68DC85E624E7DD25008BA62F /* MapViewExtension.swift */; };
		68DC85EA24E7E5CC008BA62F /* TargetCollection.swift in Sources */ = {isa = PBXBuildFile; fileRef = 68DC85E924E7E5CC008BA62F /* TargetCollection.swift */; };
		68DC85EE24E8033F008BA62F /* PAError.swift in Sources */ = {isa = PBXBuildFile; fileRef = 68DC85ED24E8033F008BA62F /* PAError.swift */; };
		68DC85F024E803AF008BA62F /* NetworkManager.swift in Sources */ = {isa = PBXBuildFile; fileRef = 68DC85EF24E803AF008BA62F /* NetworkManager.swift */; };
		68DC85F424E92435008BA62F /* Constants.swift in Sources */ = {isa = PBXBuildFile; fileRef = 68DC85F324E92435008BA62F /* Constants.swift */; };
		68DC85F824EA5946008BA62F /* UIViewControllerExtension.swift in Sources */ = {isa = PBXBuildFile; fileRef = 68DC85F724EA5946008BA62F /* UIViewControllerExtension.swift */; };
		68DC85FA24EA71F7008BA62F /* TargetVC.swift in Sources */ = {isa = PBXBuildFile; fileRef = 68DC85F924EA71F7008BA62F /* TargetVC.swift */; };
		68DC85FC24EA7D54008BA62F /* PATargetHeaderView.swift in Sources */ = {isa = PBXBuildFile; fileRef = 68DC85FB24EA7D54008BA62F /* PATargetHeaderView.swift */; };
		68DC85FE24EA885F008BA62F /* PAInfoCell.swift in Sources */ = {isa = PBXBuildFile; fileRef = 68DC85FD24EA885F008BA62F /* PAInfoCell.swift */; };
		68DC860024EA8F77008BA62F /* PAFooterView.swift in Sources */ = {isa = PBXBuildFile; fileRef = 68DC85FF24EA8F77008BA62F /* PAFooterView.swift */; };
		68DC860224EA9961008BA62F /* TargetTableViewSections.swift in Sources */ = {isa = PBXBuildFile; fileRef = 68DC860124EA9961008BA62F /* TargetTableViewSections.swift */; };
		68DC860424EA99AF008BA62F /* Target.swift in Sources */ = {isa = PBXBuildFile; fileRef = 68DC860324EA99AF008BA62F /* Target.swift */; };
/* End PBXBuildFile section */

/* Begin PBXFileReference section */
		65653C6925D17E470077A396 /* PABottomSheet.swift */ = {isa = PBXFileReference; lastKnownFileType = sourcecode.swift; path = PABottomSheet.swift; sourceTree = "<group>"; };
		65653C6E25D197F10077A396 /* MoreTableViewSections.swift */ = {isa = PBXFileReference; lastKnownFileType = sourcecode.swift; path = MoreTableViewSections.swift; sourceTree = "<group>"; };
		68AF58ED24E7D48400C03645 /* PragueAid.app */ = {isa = PBXFileReference; explicitFileType = wrapper.application; includeInIndex = 0; path = PragueAid.app; sourceTree = BUILT_PRODUCTS_DIR; };
		68AF58F024E7D48400C03645 /* AppDelegate.swift */ = {isa = PBXFileReference; lastKnownFileType = sourcecode.swift; path = AppDelegate.swift; sourceTree = "<group>"; };
		68AF58F224E7D48400C03645 /* SceneDelegate.swift */ = {isa = PBXFileReference; lastKnownFileType = sourcecode.swift; path = SceneDelegate.swift; sourceTree = "<group>"; };
		68AF58F924E7D48600C03645 /* Assets.xcassets */ = {isa = PBXFileReference; lastKnownFileType = folder.assetcatalog; path = Assets.xcassets; sourceTree = "<group>"; };
		68AF58FC24E7D48600C03645 /* Base */ = {isa = PBXFileReference; lastKnownFileType = file.storyboard; name = Base; path = Base.lproj/LaunchScreen.storyboard; sourceTree = "<group>"; };
		68AF58FE24E7D48600C03645 /* Info.plist */ = {isa = PBXFileReference; lastKnownFileType = text.plist.xml; path = Info.plist; sourceTree = "<group>"; };
		68AF590424E7D53100C03645 /* PATabBarController.swift */ = {isa = PBXFileReference; lastKnownFileType = sourcecode.swift; path = PATabBarController.swift; sourceTree = "<group>"; };
		68AF590624E7D5AA00C03645 /* MapVC.swift */ = {isa = PBXFileReference; lastKnownFileType = sourcecode.swift; path = MapVC.swift; sourceTree = "<group>"; };
		68AF590824E7D5B600C03645 /* MoreVC.swift */ = {isa = PBXFileReference; lastKnownFileType = sourcecode.swift; path = MoreVC.swift; sourceTree = "<group>"; };
		68C9A5BC24F002E400DE3A9D /* PASecondaryLabel.swift */ = {isa = PBXFileReference; lastKnownFileType = sourcecode.swift; path = PASecondaryLabel.swift; sourceTree = "<group>"; };
		68C9A5C324F004E200DE3A9D /* PAButton.swift */ = {isa = PBXFileReference; lastKnownFileType = sourcecode.swift; path = PAButton.swift; sourceTree = "<group>"; };
		68CE637D24F3DEE300F62C80 /* ArrayExtension.swift */ = {isa = PBXFileReference; lastKnownFileType = sourcecode.swift; path = ArrayExtension.swift; sourceTree = "<group>"; };
		68CE637F24F4F20000F62C80 /* InfoSectionCellContent.swift */ = {isa = PBXFileReference; lastKnownFileType = sourcecode.swift; path = InfoSectionCellContent.swift; sourceTree = "<group>"; };
		68CE638924F7B75900F62C80 /* StringExtension.swift */ = {isa = PBXFileReference; lastKnownFileType = sourcecode.swift; path = StringExtension.swift; sourceTree = "<group>"; };
		68DC85E624E7DD25008BA62F /* MapViewExtension.swift */ = {isa = PBXFileReference; lastKnownFileType = sourcecode.swift; path = MapViewExtension.swift; sourceTree = "<group>"; };
		68DC85E924E7E5CC008BA62F /* TargetCollection.swift */ = {isa = PBXFileReference; lastKnownFileType = sourcecode.swift; path = TargetCollection.swift; sourceTree = "<group>"; };
		68DC85ED24E8033F008BA62F /* PAError.swift */ = {isa = PBXFileReference; lastKnownFileType = sourcecode.swift; path = PAError.swift; sourceTree = "<group>"; };
		68DC85EF24E803AF008BA62F /* NetworkManager.swift */ = {isa = PBXFileReference; lastKnownFileType = sourcecode.swift; path = NetworkManager.swift; sourceTree = "<group>"; };
		68DC85F324E92435008BA62F /* Constants.swift */ = {isa = PBXFileReference; lastKnownFileType = sourcecode.swift; path = Constants.swift; sourceTree = "<group>"; };
		68DC85F724EA5946008BA62F /* UIViewControllerExtension.swift */ = {isa = PBXFileReference; lastKnownFileType = sourcecode.swift; path = UIViewControllerExtension.swift; sourceTree = "<group>"; };
		68DC85F924EA71F7008BA62F /* TargetVC.swift */ = {isa = PBXFileReference; lastKnownFileType = sourcecode.swift; path = TargetVC.swift; sourceTree = "<group>"; };
		68DC85FB24EA7D54008BA62F /* PATargetHeaderView.swift */ = {isa = PBXFileReference; lastKnownFileType = sourcecode.swift; path = PATargetHeaderView.swift; sourceTree = "<group>"; };
		68DC85FD24EA885F008BA62F /* PAInfoCell.swift */ = {isa = PBXFileReference; lastKnownFileType = sourcecode.swift; path = PAInfoCell.swift; sourceTree = "<group>"; };
		68DC85FF24EA8F77008BA62F /* PAFooterView.swift */ = {isa = PBXFileReference; lastKnownFileType = sourcecode.swift; path = PAFooterView.swift; sourceTree = "<group>"; };
		68DC860124EA9961008BA62F /* TargetTableViewSections.swift */ = {isa = PBXFileReference; lastKnownFileType = sourcecode.swift; path = TargetTableViewSections.swift; sourceTree = "<group>"; };
		68DC860324EA99AF008BA62F /* Target.swift */ = {isa = PBXFileReference; lastKnownFileType = sourcecode.swift; path = Target.swift; sourceTree = "<group>"; };
/* End PBXFileReference section */

/* Begin PBXFrameworksBuildPhase section */
		68AF58EA24E7D48400C03645 /* Frameworks */ = {
			isa = PBXFrameworksBuildPhase;
			buildActionMask = 2147483647;
			files = (
			);
			runOnlyForDeploymentPostprocessing = 0;
		};
/* End PBXFrameworksBuildPhase section */

/* Begin PBXGroup section */
		68AF58E424E7D48400C03645 = {
			isa = PBXGroup;
			children = (
				68AF58EF24E7D48400C03645 /* PragueAid */,
				68AF58EE24E7D48400C03645 /* Products */,
			);
			sourceTree = "<group>";
		};
		68AF58EE24E7D48400C03645 /* Products */ = {
			isa = PBXGroup;
			children = (
				68AF58ED24E7D48400C03645 /* PragueAid.app */,
			);
			name = Products;
			sourceTree = "<group>";
		};
		68AF58EF24E7D48400C03645 /* PragueAid */ = {
			isa = PBXGroup;
			children = (
				68AF590C24E7D5E300C03645 /* Support */,
				68DC85EC24E80329008BA62F /* Managers */,
				68DC85EB24E8030E008BA62F /* Utilities */,
				68DC85E524E7DD06008BA62F /* Extensions */,
				68DC85E824E7E5AD008BA62F /* Model */,
				68AF590B24E7D5D400C03645 /* Custom Views */,
				68AF590A24E7D5BF00C03645 /* Screens */,
			);
			path = PragueAid;
			sourceTree = "<group>";
		};
		68AF590A24E7D5BF00C03645 /* Screens */ = {
			isa = PBXGroup;
			children = (
				68AF590624E7D5AA00C03645 /* MapVC.swift */,
				68AF590824E7D5B600C03645 /* MoreVC.swift */,
				68DC85F924EA71F7008BA62F /* TargetVC.swift */,
			);
			path = Screens;
			sourceTree = "<group>";
		};
		68AF590B24E7D5D400C03645 /* Custom Views */ = {
			isa = PBXGroup;
			children = (
				68C9A5C224F004CB00DE3A9D /* Buttons */,
				68C9A5C124F004B600DE3A9D /* Views */,
				68C9A5C024F004AE00DE3A9D /* Cells */,
				68C9A5BF24F004A700DE3A9D /* Labels */,
				68C9A5BE24F0048E00DE3A9D /* Misc */,
			);
			path = "Custom Views";
			sourceTree = "<group>";
		};
		68AF590C24E7D5E300C03645 /* Support */ = {
			isa = PBXGroup;
			children = (
				68AF58F024E7D48400C03645 /* AppDelegate.swift */,
				68AF58F224E7D48400C03645 /* SceneDelegate.swift */,
				68AF58F924E7D48600C03645 /* Assets.xcassets */,
				68AF58FB24E7D48600C03645 /* LaunchScreen.storyboard */,
				68AF58FE24E7D48600C03645 /* Info.plist */,
			);
			path = Support;
			sourceTree = "<group>";
		};
		68C9A5BE24F0048E00DE3A9D /* Misc */ = {
			isa = PBXGroup;
			children = (
				68AF590424E7D53100C03645 /* PATabBarController.swift */,
			);
			path = Misc;
			sourceTree = "<group>";
		};
		68C9A5BF24F004A700DE3A9D /* Labels */ = {
			isa = PBXGroup;
			children = (
				68C9A5BC24F002E400DE3A9D /* PASecondaryLabel.swift */,
			);
			path = Labels;
			sourceTree = "<group>";
		};
		68C9A5C024F004AE00DE3A9D /* Cells */ = {
			isa = PBXGroup;
			children = (
				68DC85FD24EA885F008BA62F /* PAInfoCell.swift */,
			);
			path = Cells;
			sourceTree = "<group>";
		};
		68C9A5C124F004B600DE3A9D /* Views */ = {
			isa = PBXGroup;
			children = (
				68DC85FB24EA7D54008BA62F /* PATargetHeaderView.swift */,
				68DC85FF24EA8F77008BA62F /* PAFooterView.swift */,
				65653C6925D17E470077A396 /* PABottomSheet.swift */,
			);
			path = Views;
			sourceTree = "<group>";
		};
		68C9A5C224F004CB00DE3A9D /* Buttons */ = {
			isa = PBXGroup;
			children = (
				68C9A5C324F004E200DE3A9D /* PAButton.swift */,
			);
			path = Buttons;
			sourceTree = "<group>";
		};
		68DC85E524E7DD06008BA62F /* Extensions */ = {
			isa = PBXGroup;
			children = (
				68DC85E624E7DD25008BA62F /* MapViewExtension.swift */,
				68DC85F724EA5946008BA62F /* UIViewControllerExtension.swift */,
				68CE637D24F3DEE300F62C80 /* ArrayExtension.swift */,
				68CE638924F7B75900F62C80 /* StringExtension.swift */,
			);
			path = Extensions;
			sourceTree = "<group>";
		};
		68DC85E824E7E5AD008BA62F /* Model */ = {
			isa = PBXGroup;
			children = (
				68DC85E924E7E5CC008BA62F /* TargetCollection.swift */,
				68DC860324EA99AF008BA62F /* Target.swift */,
				68DC860124EA9961008BA62F /* TargetTableViewSections.swift */,
				68CE637F24F4F20000F62C80 /* InfoSectionCellContent.swift */,
				65653C6E25D197F10077A396 /* MoreTableViewSections.swift */,
			);
			path = Model;
			sourceTree = "<group>";
		};
		68DC85EB24E8030E008BA62F /* Utilities */ = {
			isa = PBXGroup;
			children = (
				68DC85ED24E8033F008BA62F /* PAError.swift */,
				68DC85F324E92435008BA62F /* Constants.swift */,
			);
			path = Utilities;
			sourceTree = "<group>";
		};
		68DC85EC24E80329008BA62F /* Managers */ = {
			isa = PBXGroup;
			children = (
				68DC85EF24E803AF008BA62F /* NetworkManager.swift */,
			);
			path = Managers;
			sourceTree = "<group>";
		};
/* End PBXGroup section */

/* Begin PBXNativeTarget section */
		68AF58EC24E7D48400C03645 /* PragueAid */ = {
			isa = PBXNativeTarget;
			buildConfigurationList = 68AF590124E7D48600C03645 /* Build configuration list for PBXNativeTarget "PragueAid" */;
			buildPhases = (
				68AF58E924E7D48400C03645 /* Sources */,
				68AF58EA24E7D48400C03645 /* Frameworks */,
				68AF58EB24E7D48400C03645 /* Resources */,
			);
			buildRules = (
			);
			dependencies = (
			);
			name = PragueAid;
			productName = PragueAid;
			productReference = 68AF58ED24E7D48400C03645 /* PragueAid.app */;
			productType = "com.apple.product-type.application";
		};
/* End PBXNativeTarget section */

/* Begin PBXProject section */
		68AF58E524E7D48400C03645 /* Project object */ = {
			isa = PBXProject;
			attributes = {
				LastSwiftUpdateCheck = 1160;
				LastUpgradeCheck = 1200;
				ORGANIZATIONNAME = "Daniel Šlechta";
				TargetAttributes = {
					68AF58EC24E7D48400C03645 = {
						CreatedOnToolsVersion = 11.6;
					};
				};
			};
			buildConfigurationList = 68AF58E824E7D48400C03645 /* Build configuration list for PBXProject "PragueAid" */;
			compatibilityVersion = "Xcode 9.3";
			developmentRegion = en;
			hasScannedForEncodings = 0;
			knownRegions = (
				en,
				Base,
			);
			mainGroup = 68AF58E424E7D48400C03645;
			productRefGroup = 68AF58EE24E7D48400C03645 /* Products */;
			projectDirPath = "";
			projectRoot = "";
			targets = (
				68AF58EC24E7D48400C03645 /* PragueAid */,
			);
		};
/* End PBXProject section */

/* Begin PBXResourcesBuildPhase section */
		68AF58EB24E7D48400C03645 /* Resources */ = {
			isa = PBXResourcesBuildPhase;
			buildActionMask = 2147483647;
			files = (
				68AF58FD24E7D48600C03645 /* LaunchScreen.storyboard in Resources */,
				68AF58FA24E7D48600C03645 /* Assets.xcassets in Resources */,
			);
			runOnlyForDeploymentPostprocessing = 0;
		};
/* End PBXResourcesBuildPhase section */

/* Begin PBXSourcesBuildPhase section */
		68AF58E924E7D48400C03645 /* Sources */ = {
			isa = PBXSourcesBuildPhase;
			buildActionMask = 2147483647;
			files = (
				68C9A5BD24F002E400DE3A9D /* PASecondaryLabel.swift in Sources */,
				68DC85F024E803AF008BA62F /* NetworkManager.swift in Sources */,
				68DC85FA24EA71F7008BA62F /* TargetVC.swift in Sources */,
				68AF590724E7D5AA00C03645 /* MapVC.swift in Sources */,
				68AF590924E7D5B600C03645 /* MoreVC.swift in Sources */,
				68DC85FE24EA885F008BA62F /* PAInfoCell.swift in Sources */,
				68DC85E724E7DD25008BA62F /* MapViewExtension.swift in Sources */,
				68DC860424EA99AF008BA62F /* Target.swift in Sources */,
				68DC85EE24E8033F008BA62F /* PAError.swift in Sources */,
				68CE638024F4F20000F62C80 /* InfoSectionCellContent.swift in Sources */,
				68DC85FC24EA7D54008BA62F /* PATargetHeaderView.swift in Sources */,
				68DC85F424E92435008BA62F /* Constants.swift in Sources */,
				68AF590524E7D53100C03645 /* PATabBarController.swift in Sources */,
				68DC860224EA9961008BA62F /* TargetTableViewSections.swift in Sources */,
				68C9A5C424F004E200DE3A9D /* PAButton.swift in Sources */,
				68AF58F124E7D48400C03645 /* AppDelegate.swift in Sources */,
				68CE637E24F3DEE300F62C80 /* ArrayExtension.swift in Sources */,
				68AF58F324E7D48400C03645 /* SceneDelegate.swift in Sources */,
				68DC860024EA8F77008BA62F /* PAFooterView.swift in Sources */,
				68DC85F824EA5946008BA62F /* UIViewControllerExtension.swift in Sources */,
				65653C6F25D197F10077A396 /* MoreTableViewSections.swift in Sources */,
				68CE638A24F7B75900F62C80 /* StringExtension.swift in Sources */,
				65653C6A25D17E470077A396 /* PABottomSheet.swift in Sources */,
				68DC85EA24E7E5CC008BA62F /* TargetCollection.swift in Sources */,
			);
			runOnlyForDeploymentPostprocessing = 0;
		};
/* End PBXSourcesBuildPhase section */

/* Begin PBXVariantGroup section */
		68AF58FB24E7D48600C03645 /* LaunchScreen.storyboard */ = {
			isa = PBXVariantGroup;
			children = (
				68AF58FC24E7D48600C03645 /* Base */,
			);
			name = LaunchScreen.storyboard;
			sourceTree = "<group>";
		};
/* End PBXVariantGroup section */

/* Begin XCBuildConfiguration section */
		68AF58FF24E7D48600C03645 /* Debug */ = {
			isa = XCBuildConfiguration;
			buildSettings = {
				ALWAYS_SEARCH_USER_PATHS = NO;
				CLANG_ANALYZER_NONNULL = YES;
				CLANG_ANALYZER_NUMBER_OBJECT_CONVERSION = YES_AGGRESSIVE;
				CLANG_CXX_LANGUAGE_STANDARD = "gnu++14";
				CLANG_CXX_LIBRARY = "libc++";
				CLANG_ENABLE_MODULES = YES;
				CLANG_ENABLE_OBJC_ARC = YES;
				CLANG_ENABLE_OBJC_WEAK = YES;
				CLANG_WARN_BLOCK_CAPTURE_AUTORELEASING = YES;
				CLANG_WARN_BOOL_CONVERSION = YES;
				CLANG_WARN_COMMA = YES;
				CLANG_WARN_CONSTANT_CONVERSION = YES;
				CLANG_WARN_DEPRECATED_OBJC_IMPLEMENTATIONS = YES;
				CLANG_WARN_DIRECT_OBJC_ISA_USAGE = YES_ERROR;
				CLANG_WARN_DOCUMENTATION_COMMENTS = YES;
				CLANG_WARN_EMPTY_BODY = YES;
				CLANG_WARN_ENUM_CONVERSION = YES;
				CLANG_WARN_INFINITE_RECURSION = YES;
				CLANG_WARN_INT_CONVERSION = YES;
				CLANG_WARN_NON_LITERAL_NULL_CONVERSION = YES;
				CLANG_WARN_OBJC_IMPLICIT_RETAIN_SELF = YES;
				CLANG_WARN_OBJC_LITERAL_CONVERSION = YES;
				CLANG_WARN_OBJC_ROOT_CLASS = YES_ERROR;
				CLANG_WARN_QUOTED_INCLUDE_IN_FRAMEWORK_HEADER = YES;
				CLANG_WARN_RANGE_LOOP_ANALYSIS = YES;
				CLANG_WARN_STRICT_PROTOTYPES = YES;
				CLANG_WARN_SUSPICIOUS_MOVE = YES;
				CLANG_WARN_UNGUARDED_AVAILABILITY = YES_AGGRESSIVE;
				CLANG_WARN_UNREACHABLE_CODE = YES;
				CLANG_WARN__DUPLICATE_METHOD_MATCH = YES;
				COPY_PHASE_STRIP = NO;
				DEBUG_INFORMATION_FORMAT = dwarf;
				ENABLE_STRICT_OBJC_MSGSEND = YES;
				ENABLE_TESTABILITY = YES;
				GCC_C_LANGUAGE_STANDARD = gnu11;
				GCC_DYNAMIC_NO_PIC = NO;
				GCC_NO_COMMON_BLOCKS = YES;
				GCC_OPTIMIZATION_LEVEL = 0;
				GCC_PREPROCESSOR_DEFINITIONS = (
					"DEBUG=1",
					"$(inherited)",
				);
				GCC_WARN_64_TO_32_BIT_CONVERSION = YES;
				GCC_WARN_ABOUT_RETURN_TYPE = YES_ERROR;
				GCC_WARN_UNDECLARED_SELECTOR = YES;
				GCC_WARN_UNINITIALIZED_AUTOS = YES_AGGRESSIVE;
				GCC_WARN_UNUSED_FUNCTION = YES;
				GCC_WARN_UNUSED_VARIABLE = YES;
				IPHONEOS_DEPLOYMENT_TARGET = 13.6;
				MTL_ENABLE_DEBUG_INFO = INCLUDE_SOURCE;
				MTL_FAST_MATH = YES;
				ONLY_ACTIVE_ARCH = YES;
				SDKROOT = iphoneos;
				SWIFT_ACTIVE_COMPILATION_CONDITIONS = DEBUG;
				SWIFT_OPTIMIZATION_LEVEL = "-Onone";
			};
			name = Debug;
		};
		68AF590024E7D48600C03645 /* Release */ = {
			isa = XCBuildConfiguration;
			buildSettings = {
				ALWAYS_SEARCH_USER_PATHS = NO;
				CLANG_ANALYZER_NONNULL = YES;
				CLANG_ANALYZER_NUMBER_OBJECT_CONVERSION = YES_AGGRESSIVE;
				CLANG_CXX_LANGUAGE_STANDARD = "gnu++14";
				CLANG_CXX_LIBRARY = "libc++";
				CLANG_ENABLE_MODULES = YES;
				CLANG_ENABLE_OBJC_ARC = YES;
				CLANG_ENABLE_OBJC_WEAK = YES;
				CLANG_WARN_BLOCK_CAPTURE_AUTORELEASING = YES;
				CLANG_WARN_BOOL_CONVERSION = YES;
				CLANG_WARN_COMMA = YES;
				CLANG_WARN_CONSTANT_CONVERSION = YES;
				CLANG_WARN_DEPRECATED_OBJC_IMPLEMENTATIONS = YES;
				CLANG_WARN_DIRECT_OBJC_ISA_USAGE = YES_ERROR;
				CLANG_WARN_DOCUMENTATION_COMMENTS = YES;
				CLANG_WARN_EMPTY_BODY = YES;
				CLANG_WARN_ENUM_CONVERSION = YES;
				CLANG_WARN_INFINITE_RECURSION = YES;
				CLANG_WARN_INT_CONVERSION = YES;
				CLANG_WARN_NON_LITERAL_NULL_CONVERSION = YES;
				CLANG_WARN_OBJC_IMPLICIT_RETAIN_SELF = YES;
				CLANG_WARN_OBJC_LITERAL_CONVERSION = YES;
				CLANG_WARN_OBJC_ROOT_CLASS = YES_ERROR;
				CLANG_WARN_QUOTED_INCLUDE_IN_FRAMEWORK_HEADER = YES;
				CLANG_WARN_RANGE_LOOP_ANALYSIS = YES;
				CLANG_WARN_STRICT_PROTOTYPES = YES;
				CLANG_WARN_SUSPICIOUS_MOVE = YES;
				CLANG_WARN_UNGUARDED_AVAILABILITY = YES_AGGRESSIVE;
				CLANG_WARN_UNREACHABLE_CODE = YES;
				CLANG_WARN__DUPLICATE_METHOD_MATCH = YES;
				COPY_PHASE_STRIP = NO;
				DEBUG_INFORMATION_FORMAT = "dwarf-with-dsym";
				ENABLE_NS_ASSERTIONS = NO;
				ENABLE_STRICT_OBJC_MSGSEND = YES;
				GCC_C_LANGUAGE_STANDARD = gnu11;
				GCC_NO_COMMON_BLOCKS = YES;
				GCC_WARN_64_TO_32_BIT_CONVERSION = YES;
				GCC_WARN_ABOUT_RETURN_TYPE = YES_ERROR;
				GCC_WARN_UNDECLARED_SELECTOR = YES;
				GCC_WARN_UNINITIALIZED_AUTOS = YES_AGGRESSIVE;
				GCC_WARN_UNUSED_FUNCTION = YES;
				GCC_WARN_UNUSED_VARIABLE = YES;
				IPHONEOS_DEPLOYMENT_TARGET = 13.6;
				MTL_ENABLE_DEBUG_INFO = NO;
				MTL_FAST_MATH = YES;
				SDKROOT = iphoneos;
				SWIFT_COMPILATION_MODE = wholemodule;
				SWIFT_OPTIMIZATION_LEVEL = "-O";
				VALIDATE_PRODUCT = YES;
			};
			name = Release;
		};
		68AF590224E7D48600C03645 /* Debug */ = {
			isa = XCBuildConfiguration;
			buildSettings = {
				ASSETCATALOG_COMPILER_APPICON_NAME = AppIcon;
				CODE_SIGN_STYLE = Automatic;
				DEVELOPMENT_TEAM = 54LT599VG8;
				INFOPLIST_FILE = PragueAid/Support/Info.plist;
				LD_RUNPATH_SEARCH_PATHS = (
					"$(inherited)",
					"@executable_path/Frameworks",
				);
				PRODUCT_BUNDLE_IDENTIFIER = com.danielslechta.PragueAid;
				PRODUCT_NAME = "$(TARGET_NAME)";
				SWIFT_VERSION = 5.0;
				TARGETED_DEVICE_FAMILY = 1;
			};
			name = Debug;
		};
		68AF590324E7D48600C03645 /* Release */ = {
			isa = XCBuildConfiguration;
			buildSettings = {
				ASSETCATALOG_COMPILER_APPICON_NAME = AppIcon;
				CODE_SIGN_STYLE = Automatic;
				DEVELOPMENT_TEAM = 54LT599VG8;
				INFOPLIST_FILE = PragueAid/Support/Info.plist;
				LD_RUNPATH_SEARCH_PATHS = (
					"$(inherited)",
					"@executable_path/Frameworks",
				);
				PRODUCT_BUNDLE_IDENTIFIER = com.danielslechta.PragueAid;
				PRODUCT_NAME = "$(TARGET_NAME)";
				SWIFT_VERSION = 5.0;
				TARGETED_DEVICE_FAMILY = 1;
			};
			name = Release;
		};
/* End XCBuildConfiguration section */

/* Begin XCConfigurationList section */
		68AF58E824E7D48400C03645 /* Build configuration list for PBXProject "PragueAid" */ = {
			isa = XCConfigurationList;
			buildConfigurations = (
				68AF58FF24E7D48600C03645 /* Debug */,
				68AF590024E7D48600C03645 /* Release */,
			);
			defaultConfigurationIsVisible = 0;
			defaultConfigurationName = Release;
		};
		68AF590124E7D48600C03645 /* Build configuration list for PBXNativeTarget "PragueAid" */ = {
			isa = XCConfigurationList;
			buildConfigurations = (
				68AF590224E7D48600C03645 /* Debug */,
				68AF590324E7D48600C03645 /* Release */,
			);
			defaultConfigurationIsVisible = 0;
			defaultConfigurationName = Release;
		};
/* End XCConfigurationList section */
	};
	rootObject = 68AF58E524E7D48400C03645 /* Project object */;
}
